{
  "version": 4,
  "terraform_version": "0.12.13",
  "serial": 93,
  "lineage": "bc21df0c-1b68-3b36-39e5-57961e59cc3f",
  "outputs": {},
  "resources": [
    {
      "mode": "data",
      "type": "aws_internet_gateway",
      "name": "default",
      "provider": "provider.aws",
      "instances": [
        {
          "schema_version": 0,
          "attributes": {
            "attachments": [
              {
                "state": "available",
                "vpc_id": "vpc-0cf6f02e305e95b7e"
              }
            ],
            "filter": [
              {
                "name": "attachment.vpc-id",
                "values": [
                  "vpc-0cf6f02e305e95b7e"
                ]
              }
            ],
            "id": "igw-0e0c1255dac21c7a6",
            "internet_gateway_id": "igw-0e0c1255dac21c7a6",
            "owner_id": "135928476890",
            "tags": {
              "Name": "rs-igw-jenkins-test"
            }
          }
        }
      ]
    },
    {
      "mode": "data",
      "type": "template_file",
      "name": "app_instance",
      "provider": "provider.template",
      "instances": [
        {
          "schema_version": 0,
          "attributes": {
            "filename": null,
            "id": "0b0dba2ff0bd62194d67f3034ef09b87ce256429ff4ac56f8bbe9420882eda0b",
            "rendered": "#!/bin/bash\r\n\r\npwd\r\ncd /home/ubuntu/app\r\nnpm install\r\n# pm2 start app.js\r\nnpm start\r\n",
            "template": "#!/bin/bash\r\n\r\npwd\r\ncd /home/ubuntu/app\r\nnpm install\r\n# pm2 start app.js\r\nnpm start\r\n",
            "vars": null
          }
        }
      ]
    },
    {
      "mode": "managed",
      "type": "aws_instance",
      "name": "app_instance",
      "provider": "provider.aws",
      "instances": [
        {
          "schema_version": 1,
          "attributes": {
            "ami": "ami-0ad88f6fd1dab33ce",
            "arn": "arn:aws:ec2:eu-west-1:135928476890:instance/i-08240c787041df031",
            "associate_public_ip_address": true,
            "availability_zone": "eu-west-1a",
            "cpu_core_count": 1,
            "cpu_threads_per_core": 1,
            "credit_specification": [
              {
                "cpu_credits": "standard"
              }
            ],
            "disable_api_termination": false,
            "ebs_block_device": [],
            "ebs_optimized": false,
            "ephemeral_block_device": [],
            "get_password_data": false,
            "host_id": null,
            "iam_instance_profile": "",
            "id": "i-08240c787041df031",
            "instance_initiated_shutdown_behavior": null,
            "instance_state": "running",
            "instance_type": "t2.micro",
            "ipv6_address_count": 0,
            "ipv6_addresses": [],
            "key_name": "shark-terra",
            "monitoring": false,
            "network_interface": [],
            "network_interface_id": null,
            "password_data": "",
            "placement_group": "",
            "primary_network_interface_id": "eni-07c29e372f5696f9e",
            "private_dns": "ip-10-10-101-44.eu-west-1.compute.internal",
            "private_ip": "10.10.101.44",
            "public_dns": "ec2-34-244-166-9.eu-west-1.compute.amazonaws.com",
            "public_ip": "34.244.166.9",
            "root_block_device": [
              {
                "delete_on_termination": true,
                "encrypted": false,
                "iops": 100,
                "kms_key_id": "",
                "volume_id": "vol-092f9dc4f7572ae93",
                "volume_size": 8,
                "volume_type": "gp2"
              }
            ],
            "security_groups": [],
            "source_dest_check": true,
            "subnet_id": "subnet-0b756abce5c6a0972",
            "tags": {
              "Name": "shark-destroy-this-instance"
            },
            "tenancy": "default",
            "timeouts": null,
            "user_data": "0a87212cae1133de224e3cf0df2ef4b0794e81c8",
            "user_data_base64": null,
            "volume_tags": {},
            "vpc_security_group_ids": [
              "sg-051397872343b4ef8"
            ]
          },
          "private": "eyJlMmJmYjczMC1lY2FhLTExZTYtOGY4OC0zNDM2M2JjN2M0YzAiOnsiY3JlYXRlIjo2MDAwMDAwMDAwMDAsImRlbGV0ZSI6MTIwMDAwMDAwMDAwMCwidXBkYXRlIjo2MDAwMDAwMDAwMDB9LCJzY2hlbWFfdmVyc2lvbiI6IjEifQ==",
          "depends_on": [
            "aws_security_group.shark-secu-group",
            "aws_subnet.subn",
            "data.template_file.app_instance"
          ]
        }
      ]
    },
    {
      "mode": "managed",
      "type": "aws_key_pair",
      "name": "deployer",
      "provider": "provider.aws",
      "instances": [
        {
          "schema_version": 1,
          "attributes": {
            "fingerprint": "11:7b:64:a6:8c:f7:c4:d4:3b:e3:f8:fd:f4:77:7b:58",
            "id": "shark-terra",
            "key_name": "shark-terra",
            "key_name_prefix": null,
            "public_key": "ssh-rsa AAAAB3NzaC1yc2EAAAADAQABAAABAQDGHGuMtpk1CPKdF88rSYERUaZGq+JC1PYPtUVqf/PQZ28vVeBZuAztjbKURw8l/XFAlAl5HBFbCBF+aftwSDPT8/WQUlr4q4TgXUE4Fcfp0Ymd/xLO5rmT2nXME1TeD8o/nxlLNb87nOyvygXOeMQP1NAwCyihMogw9XWAyqg+JqwApbKMLTfc5Sgka0YVInGOzby5Jz01Prum+DQALAMzzVlfEsjXP2eyXIN9+RfJuUzdxktQ/0d/szQttZC4rn/QYgguAr/tDsEh1rjDUF5/+HHx3ZIMRWbALkn41vEHaXo720gdGIjBBUz0FkQjfsrEBfNC2TjKkRUSk4WmAkNv Sharik Gurung@LT-LON-W096"
          },
          "private": "eyJzY2hlbWFfdmVyc2lvbiI6IjEifQ=="
        }
      ]
    },
    {
      "mode": "managed",
      "type": "aws_route_table",
      "name": "public",
      "provider": "provider.aws",
      "instances": [
        {
          "schema_version": 0,
          "attributes": {
            "id": "rtb-03e6ecb396c722ebf",
            "owner_id": "135928476890",
            "propagating_vgws": [],
            "route": [
              {
                "cidr_block": "0.0.0.0/24",
                "egress_only_gateway_id": "",
                "gateway_id": "igw-0e0c1255dac21c7a6",
                "instance_id": "",
                "ipv6_cidr_block": "",
                "nat_gateway_id": "",
                "network_interface_id": "",
                "transit_gateway_id": "",
                "vpc_peering_connection_id": ""
              }
            ],
            "tags": {
              "Name": "shark-destroy-thismain"
            },
            "vpc_id": "vpc-0cf6f02e305e95b7e"
          },
          "private": "bnVsbA==",
          "depends_on": [
            "data.aws_internet_gateway.default"
          ]
        }
      ]
    },
    {
      "mode": "managed",
      "type": "aws_route_table_association",
      "name": "assoc",
      "provider": "provider.aws",
      "instances": [
        {
          "schema_version": 0,
          "attributes": {
            "id": "rtbassoc-07c76004d2a6f80cf",
            "route_table_id": "rtb-03e6ecb396c722ebf",
            "subnet_id": "subnet-0b756abce5c6a0972"
          },
          "private": "bnVsbA==",
          "depends_on": [
            "aws_route_table.public",
            "aws_subnet.subn"
          ]
        }
      ]
    },
    {
      "mode": "managed",
      "type": "aws_security_group",
      "name": "shark-secu-group",
      "provider": "provider.aws",
      "instances": [
        {
          "schema_version": 1,
          "attributes": {
            "arn": "arn:aws:ec2:eu-west-1:135928476890:security-group/sg-051397872343b4ef8",
            "description": "Allow TLS inbound traffic",
            "egress": [],
            "id": "sg-051397872343b4ef8",
            "ingress": [
              {
                "cidr_blocks": [
                  "0.0.0.0/0"
                ],
                "description": "",
                "from_port": 3000,
                "ipv6_cidr_blocks": [],
                "prefix_list_ids": [],
                "protocol": "tcp",
                "security_groups": [],
                "self": false,
                "to_port": 3000
              },
              {
                "cidr_blocks": [
                  "0.0.0.0/0"
                ],
                "description": "",
                "from_port": 80,
                "ipv6_cidr_blocks": [],
                "prefix_list_ids": [],
                "protocol": "tcp",
                "security_groups": [],
                "self": false,
                "to_port": 80
              },
              {
                "cidr_blocks": [
                  "212.161.55.68/32"
                ],
                "description": "Allows ssh",
                "from_port": 22,
                "ipv6_cidr_blocks": [],
                "prefix_list_ids": [],
                "protocol": "tcp",
                "security_groups": [],
                "self": false,
                "to_port": 22
              },
              {
                "cidr_blocks": [
                  "86.173.71.40/32"
                ],
                "description": "Allows ssh",
                "from_port": 22,
                "ipv6_cidr_blocks": [],
                "prefix_list_ids": [],
                "protocol": "tcp",
                "security_groups": [],
                "self": false,
                "to_port": 22
              }
            ],
            "name": "shark-secu-group",
            "name_prefix": null,
            "owner_id": "135928476890",
            "revoke_rules_on_delete": false,
            "tags": {
              "Name": "shark-destroy-this-securitygroup"
            },
            "timeouts": null,
            "vpc_id": "vpc-0cf6f02e305e95b7e"
          },
          "private": "eyJlMmJmYjczMC1lY2FhLTExZTYtOGY4OC0zNDM2M2JjN2M0YzAiOnsiY3JlYXRlIjo2MDAwMDAwMDAwMDAsImRlbGV0ZSI6NjAwMDAwMDAwMDAwfSwic2NoZW1hX3ZlcnNpb24iOiIxIn0="
        }
      ]
    },
    {
      "mode": "managed",
      "type": "aws_subnet",
      "name": "subn",
      "provider": "provider.aws",
      "instances": [
        {
          "schema_version": 1,
          "attributes": {
            "arn": "arn:aws:ec2:eu-west-1:135928476890:subnet/subnet-0b756abce5c6a0972",
            "assign_ipv6_address_on_creation": false,
            "availability_zone": "eu-west-1a",
            "availability_zone_id": "euw1-az3",
            "cidr_block": "10.10.101.0/24",
            "id": "subnet-0b756abce5c6a0972",
            "ipv6_cidr_block": "",
            "ipv6_cidr_block_association_id": "",
            "map_public_ip_on_launch": false,
            "owner_id": "135928476890",
            "tags": {
              "Name": "shark-destroy-this-subnet"
            },
            "timeouts": null,
            "vpc_id": "vpc-0cf6f02e305e95b7e"
          },
          "private": "eyJlMmJmYjczMC1lY2FhLTExZTYtOGY4OC0zNDM2M2JjN2M0YzAiOnsiY3JlYXRlIjo2MDAwMDAwMDAwMDAsImRlbGV0ZSI6MTIwMDAwMDAwMDAwMH0sInNjaGVtYV92ZXJzaW9uIjoiMSJ9"
        }
      ]
    }
  ]
}
